
Microsoft Visual Studio Solution File, Format Version 12.00
# Visual Studio 15
VisualStudioVersion = 15.0.27004.2010
MinimumVisualStudioVersion = 10.0.40219.1
Project("{8BC9CEB8-8B4A-11D0-8D11-00A0C91BC942}") = "OfficerIDManager", "OfficerIDManager\OfficerIDManager.vcxproj", "{86A7BF35-A5E2-4F6D-8680-2AA78F7AC621}"
EndProject
Project("{8BC9CEB8-8B4A-11D0-8D11-00A0C91BC942}") = "DVRViewer", "DVRViewer\DVRViewer.vcxproj", "{9D32DB50-C764-4999-9C60-AEFD810F8AC3}"
	ProjectSection(ProjectDependencies) = postProject
		{5771072F-A6B7-4AB7-BA5B-15FFD7895FEF} = {5771072F-A6B7-4AB7-BA5B-15FFD7895FEF}
		{9AB3FE39-EC08-48C4-A6CB-35BA94D147AA} = {9AB3FE39-EC08-48C4-A6CB-35BA94D147AA}
	EndProjectSection
EndProject
Project("{8BC9CEB8-8B4A-11D0-8D11-00A0C91BC942}") = "tmeid", "tmeid\tmeid.vcxproj", "{9AB3FE39-EC08-48C4-A6CB-35BA94D147AA}"
EndProject
Project("{8BC9CEB8-8B4A-11D0-8D11-00A0C91BC942}") = "DVRDiskFix", "DVRDiskFix\DVRDiskFix.vcxproj", "{10CA49BE-A668-4767-AE79-F64CDBB36B4E}"
EndProject
Project("{8BC9CEB8-8B4A-11D0-8D11-00A0C91BC942}") = "gendvrid", "gendvrid\gendvrid.vcxproj", "{58718CB6-C518-4595-ACF8-7BDB1EA8B653}"
EndProject
Project("{8BC9CEB8-8B4A-11D0-8D11-00A0C91BC942}") = "PLY301", "PLY301\PLY301.vcxproj", "{5771072F-A6B7-4AB7-BA5B-15FFD7895FEF}"
EndProject
Project("{8BC9CEB8-8B4A-11D0-8D11-00A0C91BC942}") = "PortableViewer", "PortableViewer\PortableViewer.vcxproj", "{E9AF7A52-6328-42A1-B0F9-852AF84772EC}"
EndProject
Project("{8BC9CEB8-8B4A-11D0-8D11-00A0C91BC942}") = "Pr1meViewer", "Pr1meViewer\Pr1meViewer.vcxproj", "{EC6B0B73-17B5-43F3-9534-792802F6F327}"
EndProject
Project("{8BC9CEB8-8B4A-11D0-8D11-00A0C91BC942}") = "PWManager", "PWManager\PWManager.vcxproj", "{5F0C8731-6CB4-4FAA-8E01-9980435EC82F}"
EndProject
Project("{8BC9CEB8-8B4A-11D0-8D11-00A0C91BC942}") = "PWMobileViewer", "PWMobileViewer\PWMobileViewer.vcxproj", "{F744FF50-5321-497C-816F-78B1BC4DF058}"
EndProject
Project("{8BC9CEB8-8B4A-11D0-8D11-00A0C91BC942}") = "PWViewer", "PWViewer\PWViewer.vcxproj", "{A3FFD16D-87E2-4F21-96A8-85D0F9F31D42}"
EndProject
Project("{8BC9CEB8-8B4A-11D0-8D11-00A0C91BC942}") = "spartanviewer", "spartanviewer\spartanviewer.vcxproj", "{517BE915-1E5F-4B5A-9788-90B2F9C2CCCC}"
EndProject
Project("{8BC9CEB8-8B4A-11D0-8D11-00A0C91BC942}") = "tvsviewer", "tvsviewer\tvsviewer.vcxproj", "{CCA5E180-49A4-4DC8-BE8D-37CE95C9EE1B}"
EndProject
Project("{8BC9CEB8-8B4A-11D0-8D11-00A0C91BC942}") = "viewer_maker", "viewer_maker\viewer_maker.vcxproj", "{A33C4812-5D7F-43AB-8BE5-ADAE0EBAE1C9}"
EndProject
Project("{8BC9CEB8-8B4A-11D0-8D11-00A0C91BC942}") = "pwplayer", "pwplayer\pwplayer.vcxproj", "{CC65E41D-5170-4EED-98DB-D8BDCF7E824B}"
EndProject
Project("{8BC9CEB8-8B4A-11D0-8D11-00A0C91BC942}") = "WMViewer", "WMViewer\WMViewer.vcxproj", "{5A737565-A16C-42DA-8913-39AC709C8D7C}"
EndProject
Global
	GlobalSection(SolutionConfigurationPlatforms) = preSolution
		Debug|x64 = Debug|x64
		Debug|x86 = Debug|x86
		Release|x64 = Release|x64
		Release|x86 = Release|x86
	EndGlobalSection
	GlobalSection(ProjectConfigurationPlatforms) = postSolution
		{86A7BF35-A5E2-4F6D-8680-2AA78F7AC621}.Debug|x64.ActiveCfg = Debug|x64
		{86A7BF35-A5E2-4F6D-8680-2AA78F7AC621}.Debug|x64.Build.0 = Debug|x64
		{86A7BF35-A5E2-4F6D-8680-2AA78F7AC621}.Debug|x86.ActiveCfg = Debug|Win32
		{86A7BF35-A5E2-4F6D-8680-2AA78F7AC621}.Debug|x86.Build.0 = Debug|Win32
		{86A7BF35-A5E2-4F6D-8680-2AA78F7AC621}.Release|x64.ActiveCfg = Release|x64
		{86A7BF35-A5E2-4F6D-8680-2AA78F7AC621}.Release|x64.Build.0 = Release|x64
		{86A7BF35-A5E2-4F6D-8680-2AA78F7AC621}.Release|x86.ActiveCfg = Release|Win32
		{86A7BF35-A5E2-4F6D-8680-2AA78F7AC621}.Release|x86.Build.0 = Release|Win32
		{9D32DB50-C764-4999-9C60-AEFD810F8AC3}.Debug|x64.ActiveCfg = Debug|x64
		{9D32DB50-C764-4999-9C60-AEFD810F8AC3}.Debug|x64.Build.0 = Debug|x64
		{9D32DB50-C764-4999-9C60-AEFD810F8AC3}.Debug|x86.ActiveCfg = Debug|Win32
		{9D32DB50-C764-4999-9C60-AEFD810F8AC3}.Debug|x86.Build.0 = Debug|Win32
		{9D32DB50-C764-4999-9C60-AEFD810F8AC3}.Release|x64.ActiveCfg = Release|x64
		{9D32DB50-C764-4999-9C60-AEFD810F8AC3}.Release|x64.Build.0 = Release|x64
		{9D32DB50-C764-4999-9C60-AEFD810F8AC3}.Release|x86.ActiveCfg = Release|Win32
		{9D32DB50-C764-4999-9C60-AEFD810F8AC3}.Release|x86.Build.0 = Release|Win32
		{9AB3FE39-EC08-48C4-A6CB-35BA94D147AA}.Debug|x64.ActiveCfg = Debug|x64
		{9AB3FE39-EC08-48C4-A6CB-35BA94D147AA}.Debug|x64.Build.0 = Debug|x64
		{9AB3FE39-EC08-48C4-A6CB-35BA94D147AA}.Debug|x86.ActiveCfg = Debug|Win32
		{9AB3FE39-EC08-48C4-A6CB-35BA94D147AA}.Debug|x86.Build.0 = Debug|Win32
		{9AB3FE39-EC08-48C4-A6CB-35BA94D147AA}.Release|x64.ActiveCfg = Release|x64
		{9AB3FE39-EC08-48C4-A6CB-35BA94D147AA}.Release|x64.Build.0 = Release|x64
		{9AB3FE39-EC08-48C4-A6CB-35BA94D147AA}.Release|x86.ActiveCfg = Release|Win32
		{9AB3FE39-EC08-48C4-A6CB-35BA94D147AA}.Release|x86.Build.0 = Release|Win32
		{10CA49BE-A668-4767-AE79-F64CDBB36B4E}.Debug|x64.ActiveCfg = Debug|Win32
		{10CA49BE-A668-4767-AE79-F64CDBB36B4E}.Debug|x86.ActiveCfg = Debug|Win32
		{10CA49BE-A668-4767-AE79-F64CDBB36B4E}.Debug|x86.Build.0 = Debug|Win32
		{10CA49BE-A668-4767-AE79-F64CDBB36B4E}.Release|x64.ActiveCfg = Release|Win32
		{10CA49BE-A668-4767-AE79-F64CDBB36B4E}.Release|x86.ActiveCfg = Release|Win32
		{10CA49BE-A668-4767-AE79-F64CDBB36B4E}.Release|x86.Build.0 = Release|Win32
		{58718CB6-C518-4595-ACF8-7BDB1EA8B653}.Debug|x64.ActiveCfg = Debug|x64
		{58718CB6-C518-4595-ACF8-7BDB1EA8B653}.Debug|x64.Build.0 = Debug|x64
		{58718CB6-C518-4595-ACF8-7BDB1EA8B653}.Debug|x86.ActiveCfg = Debug|Win32
		{58718CB6-C518-4595-ACF8-7BDB1EA8B653}.Debug|x86.Build.0 = Debug|Win32
		{58718CB6-C518-4595-ACF8-7BDB1EA8B653}.Release|x64.ActiveCfg = Release|x64
		{58718CB6-C518-4595-ACF8-7BDB1EA8B653}.Release|x64.Build.0 = Release|x64
		{58718CB6-C518-4595-ACF8-7BDB1EA8B653}.Release|x86.ActiveCfg = Release|Win32
		{58718CB6-C518-4595-ACF8-7BDB1EA8B653}.Release|x86.Build.0 = Release|Win32
		{5771072F-A6B7-4AB7-BA5B-15FFD7895FEF}.Debug|x64.ActiveCfg = Debug|x64
		{5771072F-A6B7-4AB7-BA5B-15FFD7895FEF}.Debug|x64.Build.0 = Debug|x64
		{5771072F-A6B7-4AB7-BA5B-15FFD7895FEF}.Debug|x86.ActiveCfg = Debug|Win32
		{5771072F-A6B7-4AB7-BA5B-15FFD7895FEF}.Debug|x86.Build.0 = Debug|Win32
		{5771072F-A6B7-4AB7-BA5B-15FFD7895FEF}.Release|x64.ActiveCfg = Release|x64
		{5771072F-A6B7-4AB7-BA5B-15FFD7895FEF}.Release|x64.Build.0 = Release|x64
		{5771072F-A6B7-4AB7-BA5B-15FFD7895FEF}.Release|x86.ActiveCfg = Release|Win32
		{5771072F-A6B7-4AB7-BA5B-15FFD7895FEF}.Release|x86.Build.0 = Release|Win32
		{E9AF7A52-6328-42A1-B0F9-852AF84772EC}.Debug|x64.ActiveCfg = Debug|Win32
		{E9AF7A52-6328-42A1-B0F9-852AF84772EC}.Debug|x86.ActiveCfg = Debug|Win32
		{E9AF7A52-6328-42A1-B0F9-852AF84772EC}.Debug|x86.Build.0 = Debug|Win32
		{E9AF7A52-6328-42A1-B0F9-852AF84772EC}.Release|x64.ActiveCfg = Release|Win32
		{E9AF7A52-6328-42A1-B0F9-852AF84772EC}.Release|x86.ActiveCfg = Release|Win32
		{E9AF7A52-6328-42A1-B0F9-852AF84772EC}.Release|x86.Build.0 = Release|Win32
		{EC6B0B73-17B5-43F3-9534-792802F6F327}.Debug|x64.ActiveCfg = Debug|Win32
		{EC6B0B73-17B5-43F3-9534-792802F6F327}.Debug|x86.ActiveCfg = Debug|Win32
		{EC6B0B73-17B5-43F3-9534-792802F6F327}.Debug|x86.Build.0 = Debug|Win32
		{EC6B0B73-17B5-43F3-9534-792802F6F327}.Release|x64.ActiveCfg = Release|Win32
		{EC6B0B73-17B5-43F3-9534-792802F6F327}.Release|x86.ActiveCfg = Release|Win32
		{EC6B0B73-17B5-43F3-9534-792802F6F327}.Release|x86.Build.0 = Release|Win32
		{5F0C8731-6CB4-4FAA-8E01-9980435EC82F}.Debug|x64.ActiveCfg = Debug|x64
		{5F0C8731-6CB4-4FAA-8E01-9980435EC82F}.Debug|x64.Build.0 = Debug|x64
		{5F0C8731-6CB4-4FAA-8E01-9980435EC82F}.Debug|x86.ActiveCfg = Debug|Win32
		{5F0C8731-6CB4-4FAA-8E01-9980435EC82F}.Debug|x86.Build.0 = Debug|Win32
		{5F0C8731-6CB4-4FAA-8E01-9980435EC82F}.Release|x64.ActiveCfg = Release|x64
		{5F0C8731-6CB4-4FAA-8E01-9980435EC82F}.Release|x64.Build.0 = Release|x64
		{5F0C8731-6CB4-4FAA-8E01-9980435EC82F}.Release|x86.ActiveCfg = Release|Win32
		{5F0C8731-6CB4-4FAA-8E01-9980435EC82F}.Release|x86.Build.0 = Release|Win32
		{F744FF50-5321-497C-816F-78B1BC4DF058}.Debug|x64.ActiveCfg = Debug|x64
		{F744FF50-5321-497C-816F-78B1BC4DF058}.Debug|x64.Build.0 = Debug|x64
		{F744FF50-5321-497C-816F-78B1BC4DF058}.Debug|x86.ActiveCfg = Debug|Win32
		{F744FF50-5321-497C-816F-78B1BC4DF058}.Debug|x86.Build.0 = Debug|Win32
		{F744FF50-5321-497C-816F-78B1BC4DF058}.Release|x64.ActiveCfg = Release|x64
		{F744FF50-5321-497C-816F-78B1BC4DF058}.Release|x64.Build.0 = Release|x64
		{F744FF50-5321-497C-816F-78B1BC4DF058}.Release|x86.ActiveCfg = Release|Win32
		{F744FF50-5321-497C-816F-78B1BC4DF058}.Release|x86.Build.0 = Release|Win32
		{A3FFD16D-87E2-4F21-96A8-85D0F9F31D42}.Debug|x64.ActiveCfg = Debug|x64
		{A3FFD16D-87E2-4F21-96A8-85D0F9F31D42}.Debug|x64.Build.0 = Debug|x64
		{A3FFD16D-87E2-4F21-96A8-85D0F9F31D42}.Debug|x86.ActiveCfg = Debug|Win32
		{A3FFD16D-87E2-4F21-96A8-85D0F9F31D42}.Debug|x86.Build.0 = Debug|Win32
		{A3FFD16D-87E2-4F21-96A8-85D0F9F31D42}.Release|x64.ActiveCfg = Release|x64
		{A3FFD16D-87E2-4F21-96A8-85D0F9F31D42}.Release|x64.Build.0 = Release|x64
		{A3FFD16D-87E2-4F21-96A8-85D0F9F31D42}.Release|x86.ActiveCfg = Release|Win32
		{A3FFD16D-87E2-4F21-96A8-85D0F9F31D42}.Release|x86.Build.0 = Release|Win32
		{517BE915-1E5F-4B5A-9788-90B2F9C2CCCC}.Debug|x64.ActiveCfg = Debug|Win32
		{517BE915-1E5F-4B5A-9788-90B2F9C2CCCC}.Debug|x86.ActiveCfg = Debug|Win32
		{517BE915-1E5F-4B5A-9788-90B2F9C2CCCC}.Debug|x86.Build.0 = Debug|Win32
		{517BE915-1E5F-4B5A-9788-90B2F9C2CCCC}.Release|x64.ActiveCfg = Release|Win32
		{517BE915-1E5F-4B5A-9788-90B2F9C2CCCC}.Release|x86.ActiveCfg = Release|Win32
		{517BE915-1E5F-4B5A-9788-90B2F9C2CCCC}.Release|x86.Build.0 = Release|Win32
		{CCA5E180-49A4-4DC8-BE8D-37CE95C9EE1B}.Debug|x64.ActiveCfg = Debug|x64
		{CCA5E180-49A4-4DC8-BE8D-37CE95C9EE1B}.Debug|x64.Build.0 = Debug|x64
		{CCA5E180-49A4-4DC8-BE8D-37CE95C9EE1B}.Debug|x86.ActiveCfg = Debug|Win32
		{CCA5E180-49A4-4DC8-BE8D-37CE95C9EE1B}.Debug|x86.Build.0 = Debug|Win32
		{CCA5E180-49A4-4DC8-BE8D-37CE95C9EE1B}.Release|x64.ActiveCfg = Release|x64
		{CCA5E180-49A4-4DC8-BE8D-37CE95C9EE1B}.Release|x64.Build.0 = Release|x64
		{CCA5E180-49A4-4DC8-BE8D-37CE95C9EE1B}.Release|x86.ActiveCfg = Release|Win32
		{CCA5E180-49A4-4DC8-BE8D-37CE95C9EE1B}.Release|x86.Build.0 = Release|Win32
		{A33C4812-5D7F-43AB-8BE5-ADAE0EBAE1C9}.Debug|x64.ActiveCfg = Debug|Win32
		{A33C4812-5D7F-43AB-8BE5-ADAE0EBAE1C9}.Debug|x86.ActiveCfg = Debug|Win32
		{A33C4812-5D7F-43AB-8BE5-ADAE0EBAE1C9}.Debug|x86.Build.0 = Debug|Win32
		{A33C4812-5D7F-43AB-8BE5-ADAE0EBAE1C9}.Release|x64.ActiveCfg = Release|Win32
		{A33C4812-5D7F-43AB-8BE5-ADAE0EBAE1C9}.Release|x86.ActiveCfg = Release|Win32
		{A33C4812-5D7F-43AB-8BE5-ADAE0EBAE1C9}.Release|x86.Build.0 = Release|Win32
		{CC65E41D-5170-4EED-98DB-D8BDCF7E824B}.Debug|x64.ActiveCfg = Debug|x64
		{CC65E41D-5170-4EED-98DB-D8BDCF7E824B}.Debug|x64.Build.0 = Debug|x64
		{CC65E41D-5170-4EED-98DB-D8BDCF7E824B}.Debug|x86.ActiveCfg = Debug|Win32
		{CC65E41D-5170-4EED-98DB-D8BDCF7E824B}.Debug|x86.Build.0 = Debug|Win32
		{CC65E41D-5170-4EED-98DB-D8BDCF7E824B}.Release|x64.ActiveCfg = Release|x64
		{CC65E41D-5170-4EED-98DB-D8BDCF7E824B}.Release|x64.Build.0 = Release|x64
		{CC65E41D-5170-4EED-98DB-D8BDCF7E824B}.Release|x86.ActiveCfg = Release|Win32
		{CC65E41D-5170-4EED-98DB-D8BDCF7E824B}.Release|x86.Build.0 = Release|Win32
		{5A737565-A16C-42DA-8913-39AC709C8D7C}.Debug|x64.ActiveCfg = Debug|x64
		{5A737565-A16C-42DA-8913-39AC709C8D7C}.Debug|x64.Build.0 = Debug|x64
		{5A737565-A16C-42DA-8913-39AC709C8D7C}.Debug|x86.ActiveCfg = Debug|Win32
		{5A737565-A16C-42DA-8913-39AC709C8D7C}.Debug|x86.Build.0 = Debug|Win32
		{5A737565-A16C-42DA-8913-39AC709C8D7C}.Release|x64.ActiveCfg = Release|x64
		{5A737565-A16C-42DA-8913-39AC709C8D7C}.Release|x64.Build.0 = Release|x64
		{5A737565-A16C-42DA-8913-39AC709C8D7C}.Release|x86.ActiveCfg = Release|Win32
		{5A737565-A16C-42DA-8913-39AC709C8D7C}.Release|x86.Build.0 = Release|Win32
	EndGlobalSection
	GlobalSection(SolutionProperties) = preSolution
		HideSolutionNode = FALSE
	EndGlobalSection
	GlobalSection(ExtensibilityGlobals) = postSolution
		SolutionGuid = {347FC70C-8A56-4717-9E7F-77AC2E1A9909}
	EndGlobalSection
EndGlobal
