<?xml version="1.0" encoding="utf-8"?>
<Project ToolsVersion="4.0" xmlns="http://schemas.microsoft.com/developer/msbuild/2003">
  <ItemGroup>
    <Filter Include="Source Files">
      <UniqueIdentifier>{4FC737F1-C7A5-4376-A066-2A32D752A2FF}</UniqueIdentifier>
      <Extensions>cpp;c;cc;cxx;def;odl;idl;hpj;bat;asm;asmx</Extensions>
    </Filter>
    <Filter Include="Header Files">
      <UniqueIdentifier>{93995380-89BD-4b04-88EB-625FBE52EBFB}</UniqueIdentifier>
      <Extensions>h;hpp;hxx;hm;inl;inc;xsd</Extensions>
    </Filter>
    <Filter Include="Resource Files">
      <UniqueIdentifier>{67DA6AB6-F800-4c08-8B7A-83BB121AAD01}</UniqueIdentifier>
      <Extensions>rc;ico;cur;bmp;dlg;rc2;rct;bin;rgs;gif;jpg;jpeg;jpe;resx;tiff;tif;png;wav;mfcribbon-ms</Extensions>
    </Filter>
  </ItemGroup>
  <ItemGroup>
    <ClInclude Include="stdafx.h">
      <Filter>Header Files</Filter>
    </ClInclude>
    <ClInclude Include="targetver.h">
      <Filter>Header Files</Filter>
    </ClInclude>
    <ClInclude Include="Resource.h">
      <Filter>Header Files</Filter>
    </ClInclude>
    <ClInclude Include="PLY614.h">
      <Filter>Header Files</Filter>
    </ClInclude>
    <ClInclude Include="adpcm.h">
      <Filter>Header Files</Filter>
    </ClInclude>
    <ClInclude Include="block.h">
      <Filter>Header Files</Filter>
    </ClInclude>
    <ClInclude Include="crypt.h">
      <Filter>Header Files</Filter>
    </ClInclude>
    <ClInclude Include="dvrfilestream.h">
      <Filter>Header Files</Filter>
    </ClInclude>
    <ClInclude Include="dvrharddrivestream.h">
      <Filter>Header Files</Filter>
    </ClInclude>
    <ClInclude Include="dvrnet.h">
      <Filter>Header Files</Filter>
    </ClInclude>
    <ClInclude Include="dvrplaybackstream.h">
      <Filter>Header Files</Filter>
    </ClInclude>
    <ClInclude Include="dvrplayer.h">
      <Filter>Header Files</Filter>
    </ClInclude>
    <ClInclude Include="dvrpreviewstream.h">
      <Filter>Header Files</Filter>
    </ClInclude>
    <ClInclude Include="dvrsetup.h">
      <Filter>Header Files</Filter>
    </ClInclude>
    <ClInclude Include="EnterDVRPassword.h">
      <Filter>Header Files</Filter>
    </ClInclude>
    <ClInclude Include="h264.h">
      <Filter>Header Files</Filter>
    </ClInclude>
    <ClInclude Include="h264filestream.h">
      <Filter>Header Files</Filter>
    </ClInclude>
    <ClInclude Include="inttypedef.h">
      <Filter>Header Files</Filter>
    </ClInclude>
    <ClInclude Include="mpegps.h">
      <Filter>Header Files</Filter>
    </ClInclude>
    <ClInclude Include="mtime.h">
      <Filter>Header Files</Filter>
    </ClInclude>
    <ClInclude Include="player.h">
      <Filter>Header Files</Filter>
    </ClInclude>
    <ClInclude Include="playm4.h">
      <Filter>Header Files</Filter>
    </ClInclude>
    <ClInclude Include="tme_thread.h">
      <Filter>Header Files</Filter>
    </ClInclude>
    <ClInclude Include="utils.h">
      <Filter>Header Files</Filter>
    </ClInclude>
    <ClInclude Include="videoclip.h">
      <Filter>Header Files</Filter>
    </ClInclude>
  </ItemGroup>
  <ItemGroup>
    <ClCompile Include="stdafx.cpp">
      <Filter>Source Files</Filter>
    </ClCompile>
    <ClCompile Include="PLY614.cpp">
      <Filter>Source Files</Filter>
    </ClCompile>
    <ClCompile Include="adpcm.cpp">
      <Filter>Source Files</Filter>
    </ClCompile>
    <ClCompile Include="block.cpp">
      <Filter>Source Files</Filter>
    </ClCompile>
    <ClCompile Include="crypt.cpp">
      <Filter>Source Files</Filter>
    </ClCompile>
    <ClCompile Include="dvrfilestream.cpp">
      <Filter>Source Files</Filter>
    </ClCompile>
    <ClCompile Include="dvrharddrivestream.cpp">
      <Filter>Source Files</Filter>
    </ClCompile>
    <ClCompile Include="dvrnet.cpp">
      <Filter>Source Files</Filter>
    </ClCompile>
    <ClCompile Include="dvrplaybackstream.cpp">
      <Filter>Source Files</Filter>
    </ClCompile>
    <ClCompile Include="dvrplayer.cpp">
      <Filter>Source Files</Filter>
    </ClCompile>
    <ClCompile Include="dvrpreviewstream.cpp">
      <Filter>Source Files</Filter>
    </ClCompile>
    <ClCompile Include="dvrsetup.cpp">
      <Filter>Source Files</Filter>
    </ClCompile>
    <ClCompile Include="EnterDVRPassword.cpp">
      <Filter>Source Files</Filter>
    </ClCompile>
    <ClCompile Include="h264.cpp">
      <Filter>Source Files</Filter>
    </ClCompile>
    <ClCompile Include="h264filestream.cpp">
      <Filter>Source Files</Filter>
    </ClCompile>
    <ClCompile Include="mpegps.cpp">
      <Filter>Source Files</Filter>
    </ClCompile>
    <ClCompile Include="mtime.cpp">
      <Filter>Source Files</Filter>
    </ClCompile>
    <ClCompile Include="player.cpp">
      <Filter>Source Files</Filter>
    </ClCompile>
    <ClCompile Include="tme_thread.cpp">
      <Filter>Source Files</Filter>
    </ClCompile>
    <ClCompile Include="utils.cpp">
      <Filter>Source Files</Filter>
    </ClCompile>
    <ClCompile Include="videoclip.cpp">
      <Filter>Source Files</Filter>
    </ClCompile>
    <ClCompile Include="xvidenc.cpp">
      <Filter>Source Files</Filter>
    </ClCompile>
  </ItemGroup>
  <ItemGroup>
    <ResourceCompile Include="PLY614.rc">
      <Filter>Resource Files</Filter>
    </ResourceCompile>
  </ItemGroup>
</Project>