<?xml version="1.0" encoding="utf-8"?>
<Project ToolsVersion="4.0" xmlns="http://schemas.microsoft.com/developer/msbuild/2003">
  <ItemGroup>
    <Filter Include="Source Files">
      <UniqueIdentifier>{4FC737F1-C7A5-4376-A066-2A32D752A2FF}</UniqueIdentifier>
      <Extensions>cpp;c;cc;cxx;def;odl;idl;hpj;bat;asm;asmx</Extensions>
    </Filter>
    <Filter Include="Header Files">
      <UniqueIdentifier>{93995380-89BD-4b04-88EB-625FBE52EBFB}</UniqueIdentifier>
      <Extensions>h;hpp;hxx;hm;inl;inc;xsd</Extensions>
    </Filter>
    <Filter Include="Resource Files">
      <UniqueIdentifier>{67DA6AB6-F800-4c08-8B7A-83BB121AAD01}</UniqueIdentifier>
      <Extensions>rc;ico;cur;bmp;dlg;rc2;rct;bin;rgs;gif;jpg;jpeg;jpe;resx;tiff;tif;png;wav</Extensions>
    </Filter>
  </ItemGroup>
  <ItemGroup>
    <ClCompile Include="aout_filters.cpp">
      <Filter>Source Files</Filter>
    </ClCompile>
    <ClCompile Include="aout_input.cpp">
      <Filter>Source Files</Filter>
    </ClCompile>
    <ClCompile Include="aout_output.cpp">
      <Filter>Source Files</Filter>
    </ClCompile>
    <ClCompile Include="araw.cpp">
      <Filter>Source Files</Filter>
    </ClCompile>
    <ClCompile Include="audio_output.cpp">
      <Filter>Source Files</Filter>
    </ClCompile>
    <ClCompile Include="block.cpp">
      <Filter>Source Files</Filter>
    </ClCompile>
    <ClCompile Include="crypt.cpp">
      <Filter>Source Files</Filter>
    </ClCompile>
    <ClCompile Include="decoder.cpp">
      <Filter>Source Files</Filter>
    </ClCompile>
    <ClCompile Include="direct3d.cpp">
      <Filter>Source Files</Filter>
    </ClCompile>
    <ClCompile Include="directx_audio.cpp">
      <Filter>Source Files</Filter>
    </ClCompile>
    <ClCompile Include="dvrfilestream.cpp">
      <Filter>Source Files</Filter>
    </ClCompile>
    <ClCompile Include="dvrharddrivestream.cpp">
      <Filter>Source Files</Filter>
    </ClCompile>
    <ClCompile Include="dvrnet.cpp">
      <Filter>Source Files</Filter>
    </ClCompile>
    <ClCompile Include="dvrplaybackstream.cpp">
      <Filter>Source Files</Filter>
    </ClCompile>
    <ClCompile Include="dvrplayer.cpp">
      <Filter>Source Files</Filter>
    </ClCompile>
    <ClCompile Include="dvrpreviewstream.cpp">
      <Filter>Source Files</Filter>
    </ClCompile>
    <ClCompile Include="ffmpeg.cpp">
      <Filter>Source Files</Filter>
    </ClCompile>
    <ClCompile Include="fourcc.cpp">
      <Filter>Source Files</Filter>
    </ClCompile>
    <ClCompile Include="freetype.cpp">
      <Filter>Source Files</Filter>
    </ClCompile>
    <ClCompile Include="i420_rgb.cpp">
      <Filter>Source Files</Filter>
    </ClCompile>
    <ClCompile Include="i420_yuy2.cpp">
      <Filter>Source Files</Filter>
    </ClCompile>
    <ClCompile Include="inputstream.cpp">
      <Filter>Source Files</Filter>
    </ClCompile>
    <ClCompile Include="mp4filestream.cpp">
      <Filter>Source Files</Filter>
    </ClCompile>
    <ClCompile Include="mp4util.cpp">
      <Filter>Source Files</Filter>
    </ClCompile>
    <ClCompile Include="mpeg4.cpp">
      <Filter>Source Files</Filter>
    </ClCompile>
    <ClCompile Include="mtime.cpp">
      <Filter>Source Files</Filter>
    </ClCompile>
    <ClCompile Include="player.cpp">
      <Filter>Source Files</Filter>
    </ClCompile>
    <ClCompile Include="ply606.cpp">
      <Filter>Source Files</Filter>
    </ClCompile>
    <ClCompile Include="stdafx.cpp">
      <Filter>Source Files</Filter>
    </ClCompile>
    <ClCompile Include="subpicture.cpp">
      <Filter>Source Files</Filter>
    </ClCompile>
    <ClCompile Include="subs.cpp">
      <Filter>Source Files</Filter>
    </ClCompile>
    <ClCompile Include="tme_thread.cpp">
      <Filter>Source Files</Filter>
    </ClCompile>
    <ClCompile Include="trace.cpp">
      <Filter>Source Files</Filter>
    </ClCompile>
    <ClCompile Include="utils.cpp">
      <Filter>Source Files</Filter>
    </ClCompile>
    <ClCompile Include="vfilter_blend.cpp">
      <Filter>Source Files</Filter>
    </ClCompile>
    <ClCompile Include="video_output.cpp">
      <Filter>Source Files</Filter>
    </ClCompile>
    <ClCompile Include="videoclip.cpp">
      <Filter>Source Files</Filter>
    </ClCompile>
    <ClCompile Include="vout_mem.cpp">
      <Filter>Source Files</Filter>
    </ClCompile>
    <ClCompile Include="vout_picture.cpp">
      <Filter>Source Files</Filter>
    </ClCompile>
    <ClCompile Include="vout_vector.cpp">
      <Filter>Source Files</Filter>
    </ClCompile>
    <ClCompile Include="xvidenc.cpp">
      <Filter>Source Files</Filter>
    </ClCompile>
  </ItemGroup>
  <ItemGroup>
    <ClInclude Include="aout_output.h">
      <Filter>Header Files</Filter>
    </ClInclude>
    <ClInclude Include="araw.h">
      <Filter>Header Files</Filter>
    </ClInclude>
    <ClInclude Include="audio_output.h">
      <Filter>Header Files</Filter>
    </ClInclude>
    <ClInclude Include="block.h">
      <Filter>Header Files</Filter>
    </ClInclude>
    <ClInclude Include="chroma.h">
      <Filter>Header Files</Filter>
    </ClInclude>
    <ClInclude Include="decoder.h">
      <Filter>Header Files</Filter>
    </ClInclude>
    <ClInclude Include="direct3d.h">
      <Filter>Header Files</Filter>
    </ClInclude>
    <ClInclude Include="direct_common.h">
      <Filter>Header Files</Filter>
    </ClInclude>
    <ClInclude Include="directx_audio.h">
      <Filter>Header Files</Filter>
    </ClInclude>
    <ClInclude Include="dvrfilestream.h">
      <Filter>Header Files</Filter>
    </ClInclude>
    <ClInclude Include="dvrharddrivestream.h">
      <Filter>Header Files</Filter>
    </ClInclude>
    <ClInclude Include="dvrnet.h">
      <Filter>Header Files</Filter>
    </ClInclude>
    <ClInclude Include="dvrplaybackstream.h">
      <Filter>Header Files</Filter>
    </ClInclude>
    <ClInclude Include="dvrpreviewstream.h">
      <Filter>Header Files</Filter>
    </ClInclude>
    <ClInclude Include="ffmpeg.h">
      <Filter>Header Files</Filter>
    </ClInclude>
    <ClInclude Include="fourcc.h">
      <Filter>Header Files</Filter>
    </ClInclude>
    <ClInclude Include="freetype.h">
      <Filter>Header Files</Filter>
    </ClInclude>
    <ClInclude Include="i420_rgb.h">
      <Filter>Header Files</Filter>
    </ClInclude>
    <ClInclude Include="i420_yuy2.h">
      <Filter>Header Files</Filter>
    </ClInclude>
    <ClInclude Include="inputstream.h">
      <Filter>Header Files</Filter>
    </ClInclude>
    <ClInclude Include="mp4filestream.h">
      <Filter>Header Files</Filter>
    </ClInclude>
    <ClInclude Include="mp4util.h">
      <Filter>Header Files</Filter>
    </ClInclude>
    <ClInclude Include="mpeg4.h">
      <Filter>Header Files</Filter>
    </ClInclude>
    <ClInclude Include="mtime.h">
      <Filter>Header Files</Filter>
    </ClInclude>
    <ClInclude Include="osd.h">
      <Filter>Header Files</Filter>
    </ClInclude>
    <ClInclude Include="ply606.h">
      <Filter>Header Files</Filter>
    </ClInclude>
    <ClInclude Include="resource.h">
      <Filter>Header Files</Filter>
    </ClInclude>
    <ClInclude Include="stdafx.h">
      <Filter>Header Files</Filter>
    </ClInclude>
    <ClInclude Include="subs.h">
      <Filter>Header Files</Filter>
    </ClInclude>
    <ClInclude Include="utils.h">
      <Filter>Header Files</Filter>
    </ClInclude>
    <ClInclude Include="vfilter_blend.h">
      <Filter>Header Files</Filter>
    </ClInclude>
    <ClInclude Include="video.h">
      <Filter>Header Files</Filter>
    </ClInclude>
    <ClInclude Include="video_output.h">
      <Filter>Header Files</Filter>
    </ClInclude>
    <ClInclude Include="videoclip.h">
      <Filter>Header Files</Filter>
    </ClInclude>
    <ClInclude Include="vout_mem.h">
      <Filter>Header Files</Filter>
    </ClInclude>
    <ClInclude Include="vout_picture.h">
      <Filter>Header Files</Filter>
    </ClInclude>
    <ClInclude Include="xvidenc.h">
      <Filter>Header Files</Filter>
    </ClInclude>
  </ItemGroup>
  <ItemGroup>
    <ResourceCompile Include="ply606.rc">
      <Filter>Resource Files</Filter>
    </ResourceCompile>
  </ItemGroup>
  <ItemGroup>
    <None Include="ReadMe.txt" />
  </ItemGroup>
</Project>