<?xml version="1.0" encoding="utf-8"?>
<Project ToolsVersion="4.0" xmlns="http://schemas.microsoft.com/developer/msbuild/2003">
  <ItemGroup>
    <Filter Include="Source Files">
      <UniqueIdentifier>{4FC737F1-C7A5-4376-A066-2A32D752A2FF}</UniqueIdentifier>
      <Extensions>cpp;c;cc;cxx;def;odl;idl;hpj;bat;asm;asmx</Extensions>
    </Filter>
    <Filter Include="Header Files">
      <UniqueIdentifier>{93995380-89BD-4b04-88EB-625FBE52EBFB}</UniqueIdentifier>
      <Extensions>h;hpp;hxx;hm;inl;inc;xsd</Extensions>
    </Filter>
    <Filter Include="Resource Files">
      <UniqueIdentifier>{67DA6AB6-F800-4c08-8B7A-83BB121AAD01}</UniqueIdentifier>
      <Extensions>rc;ico;cur;bmp;dlg;rc2;rct;bin;rgs;gif;jpg;jpeg;jpe;resx;tiff;tif;png;wav;mfcribbon-ms</Extensions>
    </Filter>
  </ItemGroup>
  <ItemGroup>
    <None Include="small.ico">
      <Filter>Resource Files</Filter>
    </None>
    <None Include="spartanviewer.ico">
      <Filter>Resource Files</Filter>
    </None>
    <None Include="res\dvrclient.ico">
      <Filter>Resource Files</Filter>
    </None>
    <None Include="res\spartanviewer.rc2">
      <Filter>Resource Files</Filter>
    </None>
    <None Include="res\spartanviewer.ico">
      <Filter>Resource Files</Filter>
    </None>
  </ItemGroup>
  <ItemGroup>
    <ClInclude Include="stdafx.h">
      <Filter>Header Files</Filter>
    </ClInclude>
    <ClInclude Include="targetver.h">
      <Filter>Header Files</Filter>
    </ClInclude>
    <ClInclude Include="Resource.h">
      <Filter>Header Files</Filter>
    </ClInclude>
    <ClInclude Include="spartanviewer.h">
      <Filter>Header Files</Filter>
    </ClInclude>
    <ClInclude Include="..\common\CallTmeDlg.h">
      <Filter>Header Files</Filter>
    </ClInclude>
    <ClInclude Include="..\common\Capture.h">
      <Filter>Header Files</Filter>
    </ClInclude>
    <ClInclude Include="..\common\cdir.h">
      <Filter>Header Files</Filter>
    </ClInclude>
    <ClInclude Include="..\common\ChangePassword.h">
      <Filter>Header Files</Filter>
    </ClInclude>
    <ClInclude Include="..\common\CopyProgress.h">
      <Filter>Header Files</Filter>
    </ClInclude>
    <ClInclude Include="..\common\crypt.h">
      <Filter>Header Files</Filter>
    </ClInclude>
    <ClInclude Include="..\common\cstr.h">
      <Filter>Header Files</Filter>
    </ClInclude>
    <ClInclude Include="..\common\cwin.h">
      <Filter>Header Files</Filter>
    </ClInclude>
    <ClInclude Include="..\common\decoder.h">
      <Filter>Header Files</Filter>
    </ClInclude>
    <ClInclude Include="..\common\dvrclientDlg.h">
      <Filter>Header Files</Filter>
    </ClInclude>
    <ClInclude Include="..\common\RemoteIpDlg.h">
      <Filter>Header Files</Filter>
    </ClInclude>
    <ClInclude Include="..\common\Screen.h">
      <Filter>Header Files</Filter>
    </ClInclude>
    <ClInclude Include="..\common\SelectDvr.h">
      <Filter>Header Files</Filter>
    </ClInclude>
    <ClInclude Include="..\common\tvsid.h">
      <Filter>Header Files</Filter>
    </ClInclude>
    <ClInclude Include="..\common\User.h">
      <Filter>Header Files</Filter>
    </ClInclude>
    <ClInclude Include="..\common\UserNew.h">
      <Filter>Header Files</Filter>
    </ClInclude>
    <ClInclude Include="..\common\UserPass.h">
      <Filter>Header Files</Filter>
    </ClInclude>
    <ClInclude Include="..\common\util.h">
      <Filter>Header Files</Filter>
    </ClInclude>
    <ClInclude Include="..\common\VideoPassword.h">
      <Filter>Header Files</Filter>
    </ClInclude>
    <ClInclude Include="..\common\Volumebar.h">
      <Filter>Header Files</Filter>
    </ClInclude>
    <ClInclude Include="..\common\sliderbar.h">
      <Filter>Header Files</Filter>
    </ClInclude>
    <ClInclude Include="..\common\cliplist.h">
      <Filter>Header Files</Filter>
    </ClInclude>
  </ItemGroup>
  <ItemGroup>
    <ClCompile Include="stdafx.cpp">
      <Filter>Source Files</Filter>
    </ClCompile>
    <ClCompile Include="spartanviewer.cpp">
      <Filter>Source Files</Filter>
    </ClCompile>
    <ClCompile Include="..\common\CallTmeDlg.cpp">
      <Filter>Source Files</Filter>
    </ClCompile>
    <ClCompile Include="..\common\Capture.cpp">
      <Filter>Source Files</Filter>
    </ClCompile>
    <ClCompile Include="..\common\ChangePassword.cpp">
      <Filter>Source Files</Filter>
    </ClCompile>
    <ClCompile Include="..\common\CopyProgress.cpp">
      <Filter>Source Files</Filter>
    </ClCompile>
    <ClCompile Include="..\common\crypt.cpp">
      <Filter>Source Files</Filter>
    </ClCompile>
    <ClCompile Include="..\common\decoder.cpp">
      <Filter>Source Files</Filter>
    </ClCompile>
    <ClCompile Include="..\common\dvrclientDlg.cpp">
      <Filter>Source Files</Filter>
    </ClCompile>
    <ClCompile Include="..\common\md5.cpp">
      <Filter>Source Files</Filter>
    </ClCompile>
    <ClCompile Include="..\common\RemoteIpDlg.cpp">
      <Filter>Source Files</Filter>
    </ClCompile>
    <ClCompile Include="..\common\Screen.cpp">
      <Filter>Source Files</Filter>
    </ClCompile>
    <ClCompile Include="..\common\SelectDvr.cpp">
      <Filter>Source Files</Filter>
    </ClCompile>
    <ClCompile Include="..\common\User.cpp">
      <Filter>Source Files</Filter>
    </ClCompile>
    <ClCompile Include="..\common\UserNew.cpp">
      <Filter>Source Files</Filter>
    </ClCompile>
    <ClCompile Include="..\common\UserPass.cpp">
      <Filter>Source Files</Filter>
    </ClCompile>
    <ClCompile Include="..\common\util.cpp">
      <Filter>Source Files</Filter>
    </ClCompile>
    <ClCompile Include="..\common\VideoPassword.cpp">
      <Filter>Source Files</Filter>
    </ClCompile>
    <ClCompile Include="..\common\volumebar.cpp">
      <Filter>Source Files</Filter>
    </ClCompile>
    <ClCompile Include="..\common\sliderbar.cpp">
      <Filter>Source Files</Filter>
    </ClCompile>
    <ClCompile Include="..\common\cliplist.cpp">
      <Filter>Source Files</Filter>
    </ClCompile>
    <ClCompile Include="..\common\cJSON.cpp">
      <Filter>Source Files</Filter>
    </ClCompile>
    <ClCompile Include="..\common\SimpleBrowser.cpp">
      <Filter>Source Files</Filter>
    </ClCompile>
    <ClCompile Include="..\common\WebWin.cpp">
      <Filter>Source Files</Filter>
    </ClCompile>
  </ItemGroup>
  <ItemGroup>
    <ResourceCompile Include="spartanviewer.rc">
      <Filter>Resource Files</Filter>
    </ResourceCompile>
  </ItemGroup>
</Project>